{
  "version": 4,
  "terraform_version": "1.11.4",
  "serial": 13,
  "lineage": "a0601449-1e19-0478-cfc4-fee8e53788a7",
  "outputs": {
    "vm_external_ip": {
      "value": "35.238.154.7",
      "type": "string"
    },
    "vm_id": {
      "value": "projects/myfirstgcpproject-457214/zones/us-central1-a/instances/myapp1",
      "type": "string"
    },
    "vm_instanceid": {
      "value": "818802463980060233",
      "type": "string"
    },
    "vm_machine_type": {
      "value": "e2-micro",
      "type": "string"
    },
    "vm_name": {
      "value": "myapp1",
      "type": "string"
    },
    "vm_selflink": {
      "value": "https://www.googleapis.com/compute/v1/projects/myfirstgcpproject-457214/zones/us-central1-a/instances/myapp1",
      "type": "string"
    }
  },
  "resources": [
    {
      "mode": "managed",
      "type": "google_compute_firewall",
      "name": "fw_http",
      "provider": "provider[\"registry.terraform.io/hashicorp/google\"]",
      "instances": [
        {
          "schema_version": 1,
          "attributes": {
            "allow": [
              {
                "ports": [
                  "80"
                ],
                "protocol": "tcp"
              }
            ],
            "creation_timestamp": "2025-05-01T02:36:08.856-07:00",
            "deny": [],
            "description": "",
            "destination_ranges": [],
            "direction": "INGRESS",
            "disabled": false,
            "enable_logging": null,
            "id": "projects/myfirstgcpproject-457214/global/firewalls/fwrule-allow-http80",
            "log_config": [],
            "name": "fwrule-allow-http80",
            "network": "https://www.googleapis.com/compute/v1/projects/myfirstgcpproject-457214/global/networks/vpc1",
            "priority": 1000,
            "project": "myfirstgcpproject-457214",
            "self_link": "https://www.googleapis.com/compute/v1/projects/myfirstgcpproject-457214/global/firewalls/fwrule-allow-http80",
            "source_ranges": [
              "0.0.0.0/0"
            ],
            "source_service_accounts": null,
            "source_tags": null,
            "target_service_accounts": null,
            "target_tags": [
              "webserver-tag"
            ],
            "timeouts": null
          },
          "sensitive_attributes": [],
          "private": "eyJlMmJmYjczMC1lY2FhLTExZTYtOGY4OC0zNDM2M2JjN2M0YzAiOnsiY3JlYXRlIjoxMjAwMDAwMDAwMDAwLCJkZWxldGUiOjEyMDAwMDAwMDAwMDAsInVwZGF0ZSI6MTIwMDAwMDAwMDAwMH0sInNjaGVtYV92ZXJzaW9uIjoiMSJ9",
          "dependencies": [
            "google_compute_network.myvpc"
          ]
        }
      ]
    },
    {
      "mode": "managed",
      "type": "google_compute_firewall",
      "name": "fw_ssh",
      "provider": "provider[\"registry.terraform.io/hashicorp/google\"]",
      "instances": [
        {
          "schema_version": 1,
          "attributes": {
            "allow": [
              {
                "ports": [
                  "22"
                ],
                "protocol": "tcp"
              }
            ],
            "creation_timestamp": "2025-05-01T02:36:08.369-07:00",
            "deny": [],
            "description": "",
            "destination_ranges": [],
            "direction": "INGRESS",
            "disabled": false,
            "enable_logging": null,
            "id": "projects/myfirstgcpproject-457214/global/firewalls/fwrule-allow-ssh22",
            "log_config": [],
            "name": "fwrule-allow-ssh22",
            "network": "https://www.googleapis.com/compute/v1/projects/myfirstgcpproject-457214/global/networks/vpc1",
            "priority": 1000,
            "project": "myfirstgcpproject-457214",
            "self_link": "https://www.googleapis.com/compute/v1/projects/myfirstgcpproject-457214/global/firewalls/fwrule-allow-ssh22",
            "source_ranges": [
              "0.0.0.0/0"
            ],
            "source_service_accounts": null,
            "source_tags": null,
            "target_service_accounts": null,
            "target_tags": [
              "ssh-tag"
            ],
            "timeouts": null
          },
          "sensitive_attributes": [],
          "private": "eyJlMmJmYjczMC1lY2FhLTExZTYtOGY4OC0zNDM2M2JjN2M0YzAiOnsiY3JlYXRlIjoxMjAwMDAwMDAwMDAwLCJkZWxldGUiOjEyMDAwMDAwMDAwMDAsInVwZGF0ZSI6MTIwMDAwMDAwMDAwMH0sInNjaGVtYV92ZXJzaW9uIjoiMSJ9",
          "dependencies": [
            "google_compute_network.myvpc"
          ]
        }
      ]
    },
    {
      "mode": "managed",
      "type": "google_compute_instance",
      "name": "myapp1",
      "provider": "provider[\"registry.terraform.io/hashicorp/google\"]",
      "instances": [
        {
          "schema_version": 6,
          "attributes": {
            "advanced_machine_features": [],
            "allow_stopping_for_update": null,
            "attached_disk": [],
            "boot_disk": [
              {
                "auto_delete": true,
                "device_name": "persistent-disk-0",
                "disk_encryption_key_raw": "",
                "disk_encryption_key_rsa": "",
                "disk_encryption_key_sha256": "",
                "disk_encryption_service_account": "",
                "guest_os_features": [
                  "UEFI_COMPATIBLE",
                  "VIRTIO_SCSI_MULTIQUEUE",
                  "GVNIC",
                  "SEV_CAPABLE",
                  "SEV_LIVE_MIGRATABLE_V2"
                ],
                "initialize_params": [
                  {
                    "architecture": "X86_64",
                    "enable_confidential_compute": false,
                    "image": "https://www.googleapis.com/compute/v1/projects/debian-cloud/global/images/debian-12-bookworm-v20250415",
                    "labels": {},
                    "provisioned_iops": 0,
                    "provisioned_throughput": 0,
                    "resource_manager_tags": null,
                    "resource_policies": [],
                    "size": 10,
                    "snapshot": "",
                    "source_image_encryption_key": [],
                    "source_snapshot_encryption_key": [],
                    "storage_pool": "",
                    "type": "pd-standard"
                  }
                ],
                "interface": "",
                "kms_key_self_link": "",
                "mode": "READ_WRITE",
                "source": "https://www.googleapis.com/compute/v1/projects/myfirstgcpproject-457214/zones/us-central1-a/disks/myapp1"
              }
            ],
            "can_ip_forward": false,
            "confidential_instance_config": [],
            "cpu_platform": "Intel Broadwell",
            "creation_timestamp": "2025-05-01T02:36:39.046-07:00",
            "current_status": "RUNNING",
            "deletion_protection": false,
            "description": "",
            "desired_status": null,
            "effective_labels": {
              "goog-terraform-provisioned": "true"
            },
            "enable_display": false,
            "guest_accelerator": [],
            "hostname": "",
            "id": "projects/myfirstgcpproject-457214/zones/us-central1-a/instances/myapp1",
            "instance_encryption_key": [],
            "instance_id": "818802463980060233",
            "key_revocation_action_type": "",
            "label_fingerprint": "vezUS-42LLM=",
            "labels": null,
            "machine_type": "e2-micro",
            "metadata": null,
            "metadata_fingerprint": "wOD_0RC7SQw=",
            "metadata_startup_script": "#!/bin/bash\nsudo apt install -y telnet\nsudo apt install -y nginx\nsudo systemctl enable nginx\nsudo chmod -R 755 /var/www/html\nsudo mkdir -p /var/www/html/app1\nHOSTNAME=$(hostname)\nsudo echo \"\u003c!DOCTYPE html\u003e \u003chtml\u003e \u003cbody style='background-color:rgb(250, 210, 210);'\u003e \u003ch1\u003eWelcome to StackSimplify - WebVM App1 \u003c/h1\u003e \u003cp\u003e\u003cstrong\u003eVM Hostname:\u003c/strong\u003e $HOSTNAME\u003c/p\u003e \u003cp\u003e\u003cstrong\u003eVM IP Address:\u003c/strong\u003e $(hostname -I)\u003c/p\u003e \u003cp\u003e\u003cstrong\u003eApplication Version:\u003c/strong\u003e V1\u003c/p\u003e \u003cp\u003eGoogle Cloud Platform - Demos\u003c/p\u003e \u003c/body\u003e\u003c/html\u003e\" | sudo tee /var/www/html/app1/index.html\nsudo echo \"\u003c!DOCTYPE html\u003e \u003chtml\u003e \u003cbody style='background-color:rgb(250, 210, 210);'\u003e \u003ch1\u003eWelcome to StackSimplify - WebVM App1 \u003c/h1\u003e \u003cp\u003e\u003cstrong\u003eVM Hostname:\u003c/strong\u003e $HOSTNAME\u003c/p\u003e \u003cp\u003e\u003cstrong\u003eVM IP Address:\u003c/strong\u003e $(hostname -I)\u003c/p\u003e \u003cp\u003e\u003cstrong\u003eApplication Version:\u003c/strong\u003e V1\u003c/p\u003e \u003cp\u003eGoogle Cloud Platform - Demos\u003c/p\u003e \u003c/body\u003e\u003c/html\u003e\" | sudo tee /var/www/html/index.html\n",
            "min_cpu_platform": "",
            "name": "myapp1",
            "network_interface": [
              {
                "access_config": [
                  {
                    "nat_ip": "35.238.154.7",
                    "network_tier": "PREMIUM",
                    "public_ptr_domain_name": ""
                  }
                ],
                "alias_ip_range": [],
                "internal_ipv6_prefix_length": 0,
                "ipv6_access_config": [],
                "ipv6_access_type": "",
                "ipv6_address": "",
                "name": "nic0",
                "network": "https://www.googleapis.com/compute/v1/projects/myfirstgcpproject-457214/global/networks/vpc1",
                "network_attachment": "",
                "network_ip": "10.128.0.2",
                "nic_type": "",
                "queue_count": 0,
                "stack_type": "IPV4_ONLY",
                "subnetwork": "https://www.googleapis.com/compute/v1/projects/myfirstgcpproject-457214/regions/us-central1/subnetworks/us-central1-subnet",
                "subnetwork_project": "myfirstgcpproject-457214"
              }
            ],
            "network_performance_config": [],
            "params": [],
            "project": "myfirstgcpproject-457214",
            "reservation_affinity": [],
            "resource_policies": null,
            "scheduling": [
              {
                "automatic_restart": true,
                "availability_domain": 0,
                "instance_termination_action": "",
                "local_ssd_recovery_timeout": [],
                "max_run_duration": [],
                "min_node_cpus": 0,
                "node_affinities": [],
                "on_host_maintenance": "MIGRATE",
                "on_instance_stop_action": [],
                "preemptible": false,
                "provisioning_model": "STANDARD",
                "termination_time": ""
              }
            ],
            "scratch_disk": [],
            "self_link": "https://www.googleapis.com/compute/v1/projects/myfirstgcpproject-457214/zones/us-central1-a/instances/myapp1",
            "service_account": [],
            "shielded_instance_config": [
              {
                "enable_integrity_monitoring": true,
                "enable_secure_boot": false,
                "enable_vtpm": true
              }
            ],
            "tags": [
              "ssh-tag",
              "webserver-tag"
            ],
            "tags_fingerprint": "bxGr-HATClg=",
            "terraform_labels": {
              "goog-terraform-provisioned": "true"
            },
            "timeouts": null,
            "zone": "us-central1-a"
          },
          "sensitive_attributes": [
            [
              {
                "type": "get_attr",
                "value": "boot_disk"
              },
              {
                "type": "index",
                "value": {
                  "value": 0,
                  "type": "number"
                }
              },
              {
                "type": "get_attr",
                "value": "disk_encryption_key_rsa"
              }
            ],
            [
              {
                "type": "get_attr",
                "value": "boot_disk"
              },
              {
                "type": "index",
                "value": {
                  "value": 0,
                  "type": "number"
                }
              },
              {
                "type": "get_attr",
                "value": "disk_encryption_key_raw"
              }
            ]
          ],
          "private": "eyJlMmJmYjczMC1lY2FhLTExZTYtOGY4OC0zNDM2M2JjN2M0YzAiOnsiY3JlYXRlIjoxMjAwMDAwMDAwMDAwLCJkZWxldGUiOjEyMDAwMDAwMDAwMDAsInVwZGF0ZSI6MTIwMDAwMDAwMDAwMH0sInNjaGVtYV92ZXJzaW9uIjoiNiJ9",
          "dependencies": [
            "google_compute_firewall.fw_http",
            "google_compute_firewall.fw_ssh",
            "google_compute_network.myvpc",
            "google_compute_subnetwork.mysubnet"
          ]
        }
      ]
    },
    {
      "mode": "managed",
      "type": "google_compute_network",
      "name": "myvpc",
      "provider": "provider[\"registry.terraform.io/hashicorp/google\"]",
      "instances": [
        {
          "schema_version": 0,
          "attributes": {
            "auto_create_subnetworks": false,
            "bgp_always_compare_med": false,
            "bgp_best_path_selection_mode": "LEGACY",
            "bgp_inter_region_cost": "",
            "delete_default_routes_on_create": false,
            "description": "",
            "enable_ula_internal_ipv6": false,
            "gateway_ipv4": "",
            "id": "projects/myfirstgcpproject-457214/global/networks/vpc1",
            "internal_ipv6_range": "",
            "mtu": 0,
            "name": "vpc1",
            "network_firewall_policy_enforcement_order": "AFTER_CLASSIC_FIREWALL",
            "network_id": "6656332145083974004",
            "network_profile": "",
            "numeric_id": "6656332145083974004",
            "project": "myfirstgcpproject-457214",
            "routing_mode": "REGIONAL",
            "self_link": "https://www.googleapis.com/compute/v1/projects/myfirstgcpproject-457214/global/networks/vpc1",
            "timeouts": null
          },
          "sensitive_attributes": [],
          "private": "eyJlMmJmYjczMC1lY2FhLTExZTYtOGY4OC0zNDM2M2JjN2M0YzAiOnsiY3JlYXRlIjoxMjAwMDAwMDAwMDAwLCJkZWxldGUiOjEyMDAwMDAwMDAwMDAsInVwZGF0ZSI6MTIwMDAwMDAwMDAwMH19"
        }
      ]
    },
    {
      "mode": "managed",
      "type": "google_compute_subnetwork",
      "name": "mysubnet",
      "provider": "provider[\"registry.terraform.io/hashicorp/google\"]",
      "instances": [
        {
          "schema_version": 0,
          "attributes": {
            "creation_timestamp": "2025-05-01T02:36:09.373-07:00",
            "description": "",
            "enable_flow_logs": false,
            "external_ipv6_prefix": "",
            "fingerprint": null,
            "gateway_address": "10.128.0.1",
            "id": "projects/myfirstgcpproject-457214/regions/us-central1/subnetworks/us-central1-subnet",
            "internal_ipv6_prefix": "",
            "ip_cidr_range": "10.128.0.0/20",
            "ip_collection": null,
            "ipv6_access_type": "",
            "ipv6_cidr_range": "",
            "ipv6_gce_endpoint": "",
            "log_config": [],
            "name": "us-central1-subnet",
            "network": "https://www.googleapis.com/compute/v1/projects/myfirstgcpproject-457214/global/networks/vpc1",
            "private_ip_google_access": false,
            "private_ipv6_google_access": "DISABLE_GOOGLE_ACCESS",
            "project": "myfirstgcpproject-457214",
            "purpose": "PRIVATE",
            "region": "us-central1",
            "reserved_internal_range": "",
            "role": "",
            "secondary_ip_range": [],
            "self_link": "https://www.googleapis.com/compute/v1/projects/myfirstgcpproject-457214/regions/us-central1/subnetworks/us-central1-subnet",
            "send_secondary_ip_range_if_empty": null,
            "stack_type": "IPV4_ONLY",
            "state": "",
            "subnetwork_id": 5297577987833527910,
            "timeouts": null
          },
          "sensitive_attributes": [],
          "private": "eyJlMmJmYjczMC1lY2FhLTExZTYtOGY4OC0zNDM2M2JjN2M0YzAiOnsiY3JlYXRlIjoxMjAwMDAwMDAwMDAwLCJkZWxldGUiOjEyMDAwMDAwMDAwMDAsInVwZGF0ZSI6MTIwMDAwMDAwMDAwMH19",
          "dependencies": [
            "google_compute_network.myvpc"
          ]
        }
      ]
    }
  ],
  "check_results": null
}
